// !$*UTF8*$!
{
	archiveVersion = 1;
	classes = {
	};
	objectVersion = 46;
	objects = {

/* Begin PBXBuildFile section */
		018020F61F7DAA3100DBA404 /* Status.swift in Sources */ = {isa = PBXBuildFile; fileRef = 018020F51F7DAA3100DBA404 /* Status.swift */; };
		062CDA291F7CC0A10005A26F /* InfiniteScrollActivityView.swift in Sources */ = {isa = PBXBuildFile; fileRef = 062CDA281F7CC0A10005A26F /* InfiniteScrollActivityView.swift */; };
		068A98481F79CFA400DDF004 /* AppDelegate.swift in Sources */ = {isa = PBXBuildFile; fileRef = 068A98471F79CFA400DDF004 /* AppDelegate.swift */; };
		068A984D1F79CFA400DDF004 /* Main.storyboard in Resources */ = {isa = PBXBuildFile; fileRef = 068A984B1F79CFA400DDF004 /* Main.storyboard */; };
		068A984F1F79CFA400DDF004 /* Assets.xcassets in Resources */ = {isa = PBXBuildFile; fileRef = 068A984E1F79CFA400DDF004 /* Assets.xcassets */; };
		068A98521F79CFA400DDF004 /* LaunchScreen.storyboard in Resources */ = {isa = PBXBuildFile; fileRef = 068A98501F79CFA400DDF004 /* LaunchScreen.storyboard */; };
		068A98621F7A210B00DDF004 /* MainViewController.swift in Sources */ = {isa = PBXBuildFile; fileRef = 068A98611F7A210B00DDF004 /* MainViewController.swift */; };
		068A98641F7A213300DDF004 /* DetailViewController.swift in Sources */ = {isa = PBXBuildFile; fileRef = 068A98631F7A213300DDF004 /* DetailViewController.swift */; };
		068A98661F7A214700DDF004 /* ComposeViewController.swift in Sources */ = {isa = PBXBuildFile; fileRef = 068A98651F7A214700DDF004 /* ComposeViewController.swift */; };
		068A98681F7A21A600DDF004 /* TweetTableViewCell.swift in Sources */ = {isa = PBXBuildFile; fileRef = 068A98671F7A21A600DDF004 /* TweetTableViewCell.swift */; };
		068A986A1F7A220200DDF004 /* User.swift in Sources */ = {isa = PBXBuildFile; fileRef = 068A98691F7A220200DDF004 /* User.swift */; };
		068A986C1F7A221700DDF004 /* Tweet.swift in Sources */ = {isa = PBXBuildFile; fileRef = 068A986B1F7A221700DDF004 /* Tweet.swift */; };
		068A986E1F7A225800DDF004 /* TwitterClient.swift in Sources */ = {isa = PBXBuildFile; fileRef = 068A986D1F7A225800DDF004 /* TwitterClient.swift */; };
		068A98701F7A243100DDF004 /* LoginViewController.swift in Sources */ = {isa = PBXBuildFile; fileRef = 068A986F1F7A243100DDF004 /* LoginViewController.swift */; };
		A6EBACF6C51814A83B8CD64A /* Pods_TwitterTwo.framework in Frameworks */ = {isa = PBXBuildFile; fileRef = 33204967D5794F9772114756 /* Pods_TwitterTwo.framework */; };
/* End PBXBuildFile section */

/* Begin PBXFileReference section */
		018020F51F7DAA3100DBA404 /* Status.swift */ = {isa = PBXFileReference; fileEncoding = 4; lastKnownFileType = sourcecode.swift; path = Status.swift; sourceTree = "<group>"; };
		062CDA281F7CC0A10005A26F /* InfiniteScrollActivityView.swift */ = {isa = PBXFileReference; fileEncoding = 4; lastKnownFileType = sourcecode.swift; path = InfiniteScrollActivityView.swift; sourceTree = "<group>"; };
		068A98441F79CFA400DDF004 /* TwitterTwo.app */ = {isa = PBXFileReference; explicitFileType = wrapper.application; includeInIndex = 0; path = TwitterTwo.app; sourceTree = BUILT_PRODUCTS_DIR; };
		068A98471F79CFA400DDF004 /* AppDelegate.swift */ = {isa = PBXFileReference; lastKnownFileType = sourcecode.swift; path = AppDelegate.swift; sourceTree = "<group>"; };
		068A984C1F79CFA400DDF004 /* Base */ = {isa = PBXFileReference; lastKnownFileType = file.storyboard; name = Base; path = Base.lproj/Main.storyboard; sourceTree = "<group>"; };
		068A984E1F79CFA400DDF004 /* Assets.xcassets */ = {isa = PBXFileReference; lastKnownFileType = folder.assetcatalog; path = Assets.xcassets; sourceTree = "<group>"; };
		068A98511F79CFA400DDF004 /* Base */ = {isa = PBXFileReference; lastKnownFileType = file.storyboard; name = Base; path = Base.lproj/LaunchScreen.storyboard; sourceTree = "<group>"; };
		068A98531F79CFA400DDF004 /* Info.plist */ = {isa = PBXFileReference; lastKnownFileType = text.plist.xml; path = Info.plist; sourceTree = "<group>"; };
		068A98611F7A210B00DDF004 /* MainViewController.swift */ = {isa = PBXFileReference; fileEncoding = 4; lastKnownFileType = sourcecode.swift; path = MainViewController.swift; sourceTree = "<group>"; };
		068A98631F7A213300DDF004 /* DetailViewController.swift */ = {isa = PBXFileReference; fileEncoding = 4; lastKnownFileType = sourcecode.swift; path = DetailViewController.swift; sourceTree = "<group>"; };
		068A98651F7A214700DDF004 /* ComposeViewController.swift */ = {isa = PBXFileReference; fileEncoding = 4; lastKnownFileType = sourcecode.swift; path = ComposeViewController.swift; sourceTree = "<group>"; };
		068A98671F7A21A600DDF004 /* TweetTableViewCell.swift */ = {isa = PBXFileReference; fileEncoding = 4; lastKnownFileType = sourcecode.swift; path = TweetTableViewCell.swift; sourceTree = "<group>"; };
		068A98691F7A220200DDF004 /* User.swift */ = {isa = PBXFileReference; fileEncoding = 4; lastKnownFileType = sourcecode.swift; path = User.swift; sourceTree = "<group>"; };
		068A986B1F7A221700DDF004 /* Tweet.swift */ = {isa = PBXFileReference; fileEncoding = 4; lastKnownFileType = sourcecode.swift; path = Tweet.swift; sourceTree = "<group>"; };
		068A986D1F7A225800DDF004 /* TwitterClient.swift */ = {isa = PBXFileReference; fileEncoding = 4; lastKnownFileType = sourcecode.swift; path = TwitterClient.swift; sourceTree = "<group>"; };
		068A986F1F7A243100DDF004 /* LoginViewController.swift */ = {isa = PBXFileReference; fileEncoding = 4; lastKnownFileType = sourcecode.swift; path = LoginViewController.swift; sourceTree = "<group>"; };
		33204967D5794F9772114756 /* Pods_TwitterTwo.framework */ = {isa = PBXFileReference; explicitFileType = wrapper.framework; includeInIndex = 0; path = Pods_TwitterTwo.framework; sourceTree = BUILT_PRODUCTS_DIR; };
		75B126811E13CAD274A0AC30 /* Pods-TwitterTwo.debug.xcconfig */ = {isa = PBXFileReference; includeInIndex = 1; lastKnownFileType = text.xcconfig; name = "Pods-TwitterTwo.debug.xcconfig"; path = "Pods/Target Support Files/Pods-TwitterTwo/Pods-TwitterTwo.debug.xcconfig"; sourceTree = "<group>"; };
		FE6F0C4CA8DF645254D3F2C1 /* Pods-TwitterTwo.release.xcconfig */ = {isa = PBXFileReference; includeInIndex = 1; lastKnownFileType = text.xcconfig; name = "Pods-TwitterTwo.release.xcconfig"; path = "Pods/Target Support Files/Pods-TwitterTwo/Pods-TwitterTwo.release.xcconfig"; sourceTree = "<group>"; };
/* End PBXFileReference section */

/* Begin PBXFrameworksBuildPhase section */
		068A98411F79CFA400DDF004 /* Frameworks */ = {
			isa = PBXFrameworksBuildPhase;
			buildActionMask = 2147483647;
			files = (
				A6EBACF6C51814A83B8CD64A /* Pods_TwitterTwo.framework in Frameworks */,
			);
			runOnlyForDeploymentPostprocessing = 0;
		};
/* End PBXFrameworksBuildPhase section */

/* Begin PBXGroup section */
		068A983B1F79CFA400DDF004 = {
			isa = PBXGroup;
			children = (
				068A98461F79CFA400DDF004 /* TwitterTwo */,
				068A98451F79CFA400DDF004 /* Products */,
				2354EBF027B736FFBF3FFD71 /* Pods */,
				29C3E0BF8BB3162D2A8C280A /* Frameworks */,
			);
			sourceTree = "<group>";
		};
		068A98451F79CFA400DDF004 /* Products */ = {
			isa = PBXGroup;
			children = (
				068A98441F79CFA400DDF004 /* TwitterTwo.app */,
			);
			name = Products;
			sourceTree = "<group>";
		};
		068A98461F79CFA400DDF004 /* TwitterTwo */ = {
			isa = PBXGroup;
			children = (
				068A98601F7A20DE00DDF004 /* Network */,
				068A985E1F7A20CB00DDF004 /* Models */,
				068A985D1F7A20C100DDF004 /* Views */,
				068A985B1F7A20A600DDF004 /* Controllers */,
				068A98471F79CFA400DDF004 /* AppDelegate.swift */,
				068A984B1F79CFA400DDF004 /* Main.storyboard */,
				068A984E1F79CFA400DDF004 /* Assets.xcassets */,
				068A98501F79CFA400DDF004 /* LaunchScreen.storyboard */,
				068A98531F79CFA400DDF004 /* Info.plist */,
			);
			path = TwitterTwo;
			sourceTree = "<group>";
		};
		068A985B1F7A20A600DDF004 /* Controllers */ = {
			isa = PBXGroup;
			children = (
				068A98611F7A210B00DDF004 /* MainViewController.swift */,
				068A98631F7A213300DDF004 /* DetailViewController.swift */,
				068A98651F7A214700DDF004 /* ComposeViewController.swift */,
				068A986F1F7A243100DDF004 /* LoginViewController.swift */,
			);
			name = Controllers;
			sourceTree = "<group>";
		};
		068A985D1F7A20C100DDF004 /* Views */ = {
			isa = PBXGroup;
			children = (
				068A98671F7A21A600DDF004 /* TweetTableViewCell.swift */,
				062CDA281F7CC0A10005A26F /* InfiniteScrollActivityView.swift */,
			);
			name = Views;
			sourceTree = "<group>";
		};
		068A985E1F7A20CB00DDF004 /* Models */ = {
			isa = PBXGroup;
			children = (
				068A98691F7A220200DDF004 /* User.swift */,
				068A986B1F7A221700DDF004 /* Tweet.swift */,
				018020F51F7DAA3100DBA404 /* Status.swift */,
			);
			name = Models;
			sourceTree = "<group>";
		};
		068A98601F7A20DE00DDF004 /* Network */ = {
			isa = PBXGroup;
			children = (
				068A986D1F7A225800DDF004 /* TwitterClient.swift */,
			);
			name = Network;
			sourceTree = "<group>";
		};
		2354EBF027B736FFBF3FFD71 /* Pods */ = {
			isa = PBXGroup;
			children = (
				75B126811E13CAD274A0AC30 /* Pods-TwitterTwo.debug.xcconfig */,
				FE6F0C4CA8DF645254D3F2C1 /* Pods-TwitterTwo.release.xcconfig */,
			);
			name = Pods;
			sourceTree = "<group>";
		};
		29C3E0BF8BB3162D2A8C280A /* Frameworks */ = {
			isa = PBXGroup;
			children = (
				33204967D5794F9772114756 /* Pods_TwitterTwo.framework */,
			);
			name = Frameworks;
			sourceTree = "<group>";
		};
/* End PBXGroup section */

/* Begin PBXNativeTarget section */
		068A98431F79CFA400DDF004 /* TwitterTwo */ = {
			isa = PBXNativeTarget;
			buildConfigurationList = 068A98561F79CFA400DDF004 /* Build configuration list for PBXNativeTarget "TwitterTwo" */;
			buildPhases = (
				D3E6A62F90B15FF3445D1243 /* [CP] Check Pods Manifest.lock */,
				068A98401F79CFA400DDF004 /* Sources */,
				068A98411F79CFA400DDF004 /* Frameworks */,
				068A98421F79CFA400DDF004 /* Resources */,
				22F5B5F340D2E11E45142FBF /* [CP] Embed Pods Frameworks */,
				2EA8FD176EDD17344EB35BF9 /* [CP] Copy Pods Resources */,
			);
			buildRules = (
			);
			dependencies = (
			);
			name = TwitterTwo;
			productName = TwitterTwo;
			productReference = 068A98441F79CFA400DDF004 /* TwitterTwo.app */;
			productType = "com.apple.product-type.application";
		};
/* End PBXNativeTarget section */

/* Begin PBXProject section */
		068A983C1F79CFA400DDF004 /* Project object */ = {
			isa = PBXProject;
			attributes = {
				LastSwiftUpdateCheck = 0800;
				LastUpgradeCheck = 0800;
				ORGANIZATIONNAME = "Kavita Gaitonde";
				TargetAttributes = {
					068A98431F79CFA400DDF004 = {
						CreatedOnToolsVersion = 8.0;
						ProvisioningStyle = Automatic;
					};
				};
			};
			buildConfigurationList = 068A983F1F79CFA400DDF004 /* Build configuration list for PBXProject "TwitterTwo" */;
			compatibilityVersion = "Xcode 3.2";
			developmentRegion = English;
			hasScannedForEncodings = 0;
			knownRegions = (
				en,
				Base,
			);
			mainGroup = 068A983B1F79CFA400DDF004;
			productRefGroup = 068A98451F79CFA400DDF004 /* Products */;
			projectDirPath = "";
			projectRoot = "";
			targets = (
				068A98431F79CFA400DDF004 /* TwitterTwo */,
			);
		};
/* End PBXProject section */

/* Begin PBXResourcesBuildPhase section */
		068A98421F79CFA400DDF004 /* Resources */ = {
			isa = PBXResourcesBuildPhase;
			buildActionMask = 2147483647;
			files = (
				068A98521F79CFA400DDF004 /* LaunchScreen.storyboard in Resources */,
				068A984F1F79CFA400DDF004 /* Assets.xcassets in Resources */,
				068A984D1F79CFA400DDF004 /* Main.storyboard in Resources */,
			);
			runOnlyForDeploymentPostprocessing = 0;
		};
/* End PBXResourcesBuildPhase section */

/* Begin PBXShellScriptBuildPhase section */
		22F5B5F340D2E11E45142FBF /* [CP] Embed Pods Frameworks */ = {
			isa = PBXShellScriptBuildPhase;
			buildActionMask = 2147483647;
			files = (
			);
			inputPaths = (
				"${SRCROOT}/Pods/Target Support Files/Pods-TwitterTwo/Pods-TwitterTwo-frameworks.sh",
				"${BUILT_PRODUCTS_DIR}/AFNetworking/AFNetworking.framework",
				"${BUILT_PRODUCTS_DIR}/BDBOAuth1Manager/BDBOAuth1Manager.framework",
				"${BUILT_PRODUCTS_DIR}/MBProgressHUD/MBProgressHUD.framework",
			);
			name = "[CP] Embed Pods Frameworks";
			outputPaths = (
				"${TARGET_BUILD_DIR}/${FRAMEWORKS_FOLDER_PATH}/AFNetworking.framework",
				"${TARGET_BUILD_DIR}/${FRAMEWORKS_FOLDER_PATH}/BDBOAuth1Manager.framework",
				"${TARGET_BUILD_DIR}/${FRAMEWORKS_FOLDER_PATH}/MBProgressHUD.framework",
			);
			runOnlyForDeploymentPostprocessing = 0;
			shellPath = /bin/sh;
			shellScript = "\"${SRCROOT}/Pods/Target Support Files/Pods-TwitterTwo/Pods-TwitterTwo-frameworks.sh\"\n";
			showEnvVarsInLog = 0;
		};
		2EA8FD176EDD17344EB35BF9 /* [CP] Copy Pods Resources */ = {
			isa = PBXShellScriptBuildPhase;
			buildActionMask = 2147483647;
			files = (
			);
			inputPaths = (
			);
			name = "[CP] Copy Pods Resources";
			outputPaths = (
			);
			runOnlyForDeploymentPostprocessing = 0;
			shellPath = /bin/sh;
			shellScript = "\"${SRCROOT}/Pods/Target Support Files/Pods-TwitterTwo/Pods-TwitterTwo-resources.sh\"\n";
			showEnvVarsInLog = 0;
		};
		D3E6A62F90B15FF3445D1243 /* [CP] Check Pods Manifest.lock */ = {
			isa = PBXShellScriptBuildPhase;
			buildActionMask = 2147483647;
			files = (
			);
			inputPaths = (
				"${PODS_PODFILE_DIR_PATH}/Podfile.lock",
				"${PODS_ROOT}/Manifest.lock",
			);
			name = "[CP] Check Pods Manifest.lock";
			outputPaths = (
				"$(DERIVED_FILE_DIR)/Pods-TwitterTwo-checkManifestLockResult.txt",
			);
			runOnlyForDeploymentPostprocessing = 0;
			shellPath = /bin/sh;
			shellScript = "diff \"${PODS_PODFILE_DIR_PATH}/Podfile.lock\" \"${PODS_ROOT}/Manifest.lock\" > /dev/null\nif [ $? != 0 ] ; then\n    # print error to STDERR\n    echo \"error: The sandbox is not in sync with the Podfile.lock. Run 'pod install' or update your CocoaPods installation.\" >&2\n    exit 1\nfi\n# This output is used by Xcode 'outputs' to avoid re-running this script phase.\necho \"SUCCESS\" > \"${SCRIPT_OUTPUT_FILE_0}\"\n";
			showEnvVarsInLog = 0;
		};
/* End PBXShellScriptBuildPhase section */

/* Begin PBXSourcesBuildPhase section */
		068A98401F79CFA400DDF004 /* Sources */ = {
			isa = PBXSourcesBuildPhase;
			buildActionMask = 2147483647;
			files = (
				062CDA291F7CC0A10005A26F /* InfiniteScrollActivityView.swift in Sources */,
				068A98701F7A243100DDF004 /* LoginViewController.swift in Sources */,
				068A986E1F7A225800DDF004 /* TwitterClient.swift in Sources */,
				068A98641F7A213300DDF004 /* DetailViewController.swift in Sources */,
				018020F61F7DAA3100DBA404 /* Status.swift in Sources */,
				068A98481F79CFA400DDF004 /* AppDelegate.swift in Sources */,
				068A986A1F7A220200DDF004 /* User.swift in Sources */,
				068A986C1F7A221700DDF004 /* Tweet.swift in Sources */,
				068A98621F7A210B00DDF004 /* MainViewController.swift in Sources */,
				068A98681F7A21A600DDF004 /* TweetTableViewCell.swift in Sources */,
				068A98661F7A214700DDF004 /* ComposeViewController.swift in Sources */,
			);
			runOnlyForDeploymentPostprocessing = 0;
		};
/* End PBXSourcesBuildPhase section */

/* Begin PBXVariantGroup section */
		068A984B1F79CFA400DDF004 /* Main.storyboard */ = {
			isa = PBXVariantGroup;
			children = (
				068A984C1F79CFA400DDF004 /* Base */,
			);
			name = Main.storyboard;
			sourceTree = "<group>";
		};
		068A98501F79CFA400DDF004 /* LaunchScreen.storyboard */ = {
			isa = PBXVariantGroup;
			children = (
				068A98511F79CFA400DDF004 /* Base */,
			);
			name = LaunchScreen.storyboard;
			sourceTree = "<group>";
		};
/* End PBXVariantGroup section */

/* Begin XCBuildConfiguration section */
		068A98541F79CFA400DDF004 /* Debug */ = {
			isa = XCBuildConfiguration;
			buildSettings = {
				ALWAYS_SEARCH_USER_PATHS = NO;
				CLANG_ANALYZER_NONNULL = YES;
				CLANG_CXX_LANGUAGE_STANDARD = "gnu++0x";
				CLANG_CXX_LIBRARY = "libc++";
				CLANG_ENABLE_MODULES = YES;
				CLANG_ENABLE_OBJC_ARC = YES;
				CLANG_WARN_BOOL_CONVERSION = YES;
				CLANG_WARN_CONSTANT_CONVERSION = YES;
				CLANG_WARN_DIRECT_OBJC_ISA_USAGE = YES_ERROR;
				CLANG_WARN_DOCUMENTATION_COMMENTS = YES;
				CLANG_WARN_EMPTY_BODY = YES;
				CLANG_WARN_ENUM_CONVERSION = YES;
				CLANG_WARN_INFINITE_RECURSION = YES;
				CLANG_WARN_INT_CONVERSION = YES;
				CLANG_WARN_OBJC_ROOT_CLASS = YES_ERROR;
				CLANG_WARN_SUSPICIOUS_MOVES = YES;
				CLANG_WARN_UNREACHABLE_CODE = YES;
				CLANG_WARN__DUPLICATE_METHOD_MATCH = YES;
				"CODE_SIGN_IDENTITY[sdk=iphoneos*]" = "iPhone Developer";
				COPY_PHASE_STRIP = NO;
				DEBUG_INFORMATION_FORMAT = dwarf;
				ENABLE_STRICT_OBJC_MSGSEND = YES;
				ENABLE_TESTABILITY = YES;
				GCC_C_LANGUAGE_STANDARD = gnu99;
				GCC_DYNAMIC_NO_PIC = NO;
				GCC_NO_COMMON_BLOCKS = YES;
				GCC_OPTIMIZATION_LEVEL = 0;
				GCC_PREPROCESSOR_DEFINITIONS = (
					"DEBUG=1",
					"$(inherited)",
				);
				GCC_WARN_64_TO_32_BIT_CONVERSION = YES;
				GCC_WARN_ABOUT_RETURN_TYPE = YES_ERROR;
				GCC_WARN_UNDECLARED_SELECTOR = YES;
				GCC_WARN_UNINITIALIZED_AUTOS = YES_AGGRESSIVE;
				GCC_WARN_UNUSED_FUNCTION = YES;
				GCC_WARN_UNUSED_VARIABLE = YES;
				IPHONEOS_DEPLOYMENT_TARGET = 10.0;
				MTL_ENABLE_DEBUG_INFO = YES;
				ONLY_ACTIVE_ARCH = YES;
				SDKROOT = iphoneos;
				SWIFT_ACTIVE_COMPILATION_CONDITIONS = DEBUG;
				SWIFT_OPTIMIZATION_LEVEL = "-Onone";
			};
			name = Debug;
		};
		068A98551F79CFA400DDF004 /* Release */ = {
			isa = XCBuildConfiguration;
			buildSettings = {
				ALWAYS_SEARCH_USER_PATHS = NO;
				CLANG_ANALYZER_NONNULL = YES;
				CLANG_CXX_LANGUAGE_STANDARD = "gnu++0x";
				CLANG_CXX_LIBRARY = "libc++";
				CLANG_ENABLE_MODULES = YES;
				CLANG_ENABLE_OBJC_ARC = YES;
				CLANG_WARN_BOOL_CONVERSION = YES;
				CLANG_WARN_CONSTANT_CONVERSION = YES;
				CLANG_WARN_DIRECT_OBJC_ISA_USAGE = YES_ERROR;
				CLANG_WARN_DOCUMENTATION_COMMENTS = YES;
				CLANG_WARN_EMPTY_BODY = YES;
				CLANG_WARN_ENUM_CONVERSION = YES;
				CLANG_WARN_INFINITE_RECURSION = YES;
				CLANG_WARN_INT_CONVERSION = YES;
				CLANG_WARN_OBJC_ROOT_CLASS = YES_ERROR;
				CLANG_WARN_SUSPICIOUS_MOVES = YES;
				CLANG_WARN_UNREACHABLE_CODE = YES;
				CLANG_WARN__DUPLICATE_METHOD_MATCH = YES;
				"CODE_SIGN_IDENTITY[sdk=iphoneos*]" = "iPhone Developer";
				COPY_PHASE_STRIP = NO;
				DEBUG_INFORMATION_FORMAT = "dwarf-with-dsym";
				ENABLE_NS_ASSERTIONS = NO;
				ENABLE_STRICT_OBJC_MSGSEND = YES;
				GCC_C_LANGUAGE_STANDARD = gnu99;
				GCC_NO_COMMON_BLOCKS = YES;
				GCC_WARN_64_TO_32_BIT_CONVERSION = YES;
				GCC_WARN_ABOUT_RETURN_TYPE = YES_ERROR;
				GCC_WARN_UNDECLARED_SELECTOR = YES;
				GCC_WARN_UNINITIALIZED_AUTOS = YES_AGGRESSIVE;
				GCC_WARN_UNUSED_FUNCTION = YES;
				GCC_WARN_UNUSED_VARIABLE = YES;
				IPHONEOS_DEPLOYMENT_TARGET = 10.0;
				MTL_ENABLE_DEBUG_INFO = NO;
				SDKROOT = iphoneos;
				SWIFT_OPTIMIZATION_LEVEL = "-Owholemodule";
				VALIDATE_PRODUCT = YES;
			};
			name = Release;
		};
		068A98571F79CFA400DDF004 /* Debug */ = {
			isa = XCBuildConfiguration;
			baseConfigurationReference = 75B126811E13CAD274A0AC30 /* Pods-TwitterTwo.debug.xcconfig */;
			buildSettings = {
				ASSETCATALOG_COMPILER_APPICON_NAME = AppIcon;
				INFOPLIST_FILE = TwitterTwo/Info.plist;
				LD_RUNPATH_SEARCH_PATHS = "$(inherited) @executable_path/Frameworks";
				PRODUCT_BUNDLE_IDENTIFIER = com.kavitagaitonde.TwitterTwo;
				PRODUCT_NAME = "$(TARGET_NAME)";
				SWIFT_VERSION = 3.0;
			};
			name = Debug;
		};
		068A98581F79CFA400DDF004 /* Release */ = {
			isa = XCBuildConfiguration;
			baseConfigurationReference = FE6F0C4CA8DF645254D3F2C1 /* Pods-TwitterTwo.release.xcconfig */;
			buildSettings = {
				ASSETCATALOG_COMPILER_APPICON_NAME = AppIcon;
				INFOPLIST_FILE = TwitterTwo/Info.plist;
				LD_RUNPATH_SEARCH_PATHS = "$(inherited) @executable_path/Frameworks";
				PRODUCT_BUNDLE_IDENTIFIER = com.kavitagaitonde.TwitterTwo;
				PRODUCT_NAME = "$(TARGET_NAME)";
				SWIFT_VERSION = 3.0;
			};
			name = Release;
		};
/* End XCBuildConfiguration section */

/* Begin XCConfigurationList section */
		068A983F1F79CFA400DDF004 /* Build configuration list for PBXProject "TwitterTwo" */ = {
			isa = XCConfigurationList;
			buildConfigurations = (
				068A98541F79CFA400DDF004 /* Debug */,
				068A98551F79CFA400DDF004 /* Release */,
			);
			defaultConfigurationIsVisible = 0;
			defaultConfigurationName = Release;
		};
		068A98561F79CFA400DDF004 /* Build configuration list for PBXNativeTarget "TwitterTwo" */ = {
			isa = XCConfigurationList;
			buildConfigurations = (
				068A98571F79CFA400DDF004 /* Debug */,
				068A98581F79CFA400DDF004 /* Release */,
			);
			defaultConfigurationIsVisible = 0;
			defaultConfigurationName = Release;
		};
/* End XCConfigurationList section */
	};
	rootObject = 068A983C1F79CFA400DDF004 /* Project object */;
}
